Microsoft Visual Studio Solution File, Format Version 11.00
# Visual Studio 2008

Project("{4DFF0948-475E-0A06-E774-164EBEDE4420}") = "TriggerPractice", "Assembly-CSharp.csproj", "{D019020A-4E4C-00D2-16E6-6CB937AEF2BA}"
EndProject
Global
	GlobalSection(SolutionConfigurationPlatforms) = preSolution
		Debug|Any CPU = Debug|Any CPU
		Release|Any CPU = Release|Any CPU
	EndGlobalSection
	GlobalSection(ProjectConfigurationPlatforms) = postSolution
		{D019020A-4E4C-00D2-16E6-6CB937AEF2BA}.Debug|Any CPU.ActiveCfg = Debug|Any CPU
		{D019020A-4E4C-00D2-16E6-6CB937AEF2BA}.Debug|Any CPU.Build.0 = Debug|Any CPU
		{D019020A-4E4C-00D2-16E6-6CB937AEF2BA}.Release|Any CPU.ActiveCfg = Release|Any CPU
		{D019020A-4E4C-00D2-16E6-6CB937AEF2BA}.Release|Any CPU.Build.0 = Release|Any CPU
	EndGlobalSection
	GlobalSection(SolutionProperties) = preSolution
		HideSolutionNode = FALSE
	EndGlobalSection
	GlobalSection(MonoDevelopProperties) = preSolution
		StartupItem = Assembly-CSharp.csproj
	EndGlobalSection
EndGlobal
